
Microsoft Visual Studio Solution File, Format Version 12.00
# Visual Studio Version 17
VisualStudioVersion = 17.14.36908.2
MinimumVisualStudioVersion = 10.0.40219.1
Project("{8BC9CEB8-8B4A-11D0-8D11-00A0C91BC942}") = "1.Array", "1.Array\1.Array.vcxproj", "{909E4ABD-2AD9-4FD8-941E-80564E539AF0}"
EndProject
Project("{8BC9CEB8-8B4A-11D0-8D11-00A0C91BC942}") = "2.List", "2.List\2.List.vcxproj", "{46D0FB16-BD35-41F6-B019-96BD7D166E10}"
EndProject
Project("{8BC9CEB8-8B4A-11D0-8D11-00A0C91BC942}") = "3.LinkedList", "3.LinkedList\3.LinkedList.vcxproj", "{1F7E3E6D-8FE8-4713-8C4F-7E942A40B472}"
EndProject
Project("{8BC9CEB8-8B4A-11D0-8D11-00A0C91BC942}") = "4.DoubliyLinkedList", "4.DoubliyLinkedList\4.DoubliyLinkedList.vcxproj", "{8E1A1979-BE8F-47E5-8FE6-3BAC51222C8C}"
EndProject
Project("{8BC9CEB8-8B4A-11D0-8D11-00A0C91BC942}") = "5. Stack", "5. Stack\5. Stack.vcxproj", "{901840C0-AB0B-400D-BF33-2528FB90E1F1}"
EndProject
Project("{8BC9CEB8-8B4A-11D0-8D11-00A0C91BC942}") = "6.StackMaze", "6.StackMaze\6.StackMaze.vcxproj", "{79D08382-4AD1-45EB-8F42-9810D0525A91}"
EndProject
Project("{8BC9CEB8-8B4A-11D0-8D11-00A0C91BC942}") = "7.Queue", "7.Queue\7.Queue.vcxproj", "{908B471E-425A-4FA1-A147-7082D35A8040}"
EndProject
Project("{8BC9CEB8-8B4A-11D0-8D11-00A0C91BC942}") = "8.QueueMaze", "8.QueueMaze\8.QueueMaze.vcxproj", "{315F4960-0236-4BEF-9699-FFCFC9F21BB5}"
EndProject
Project("{8BC9CEB8-8B4A-11D0-8D11-00A0C91BC942}") = "9.HashTable", "9.HashTable\9.HashTable.vcxproj", "{EB887966-F5AB-42FF-995B-8EBC2E3EFA61}"
EndProject
Project("{8BC9CEB8-8B4A-11D0-8D11-00A0C91BC942}") = "10.Tree", "10.Tree\10.Tree.vcxproj", "{6C6FA25B-847A-4C9E-BB11-63401BDC0FBB}"
EndProject
Global
	GlobalSection(SolutionConfigurationPlatforms) = preSolution
		Debug|x64 = Debug|x64
		Release|x64 = Release|x64
	EndGlobalSection
	GlobalSection(ProjectConfigurationPlatforms) = postSolution
		{909E4ABD-2AD9-4FD8-941E-80564E539AF0}.Debug|x64.ActiveCfg = Debug|x64
		{909E4ABD-2AD9-4FD8-941E-80564E539AF0}.Debug|x64.Build.0 = Debug|x64
		{909E4ABD-2AD9-4FD8-941E-80564E539AF0}.Release|x64.ActiveCfg = Release|x64
		{909E4ABD-2AD9-4FD8-941E-80564E539AF0}.Release|x64.Build.0 = Release|x64
		{46D0FB16-BD35-41F6-B019-96BD7D166E10}.Debug|x64.ActiveCfg = Debug|x64
		{46D0FB16-BD35-41F6-B019-96BD7D166E10}.Debug|x64.Build.0 = Debug|x64
		{46D0FB16-BD35-41F6-B019-96BD7D166E10}.Release|x64.ActiveCfg = Release|x64
		{46D0FB16-BD35-41F6-B019-96BD7D166E10}.Release|x64.Build.0 = Release|x64
		{1F7E3E6D-8FE8-4713-8C4F-7E942A40B472}.Debug|x64.ActiveCfg = Debug|x64
		{1F7E3E6D-8FE8-4713-8C4F-7E942A40B472}.Debug|x64.Build.0 = Debug|x64
		{1F7E3E6D-8FE8-4713-8C4F-7E942A40B472}.Release|x64.ActiveCfg = Release|x64
		{1F7E3E6D-8FE8-4713-8C4F-7E942A40B472}.Release|x64.Build.0 = Release|x64
		{8E1A1979-BE8F-47E5-8FE6-3BAC51222C8C}.Debug|x64.ActiveCfg = Debug|x64
		{8E1A1979-BE8F-47E5-8FE6-3BAC51222C8C}.Debug|x64.Build.0 = Debug|x64
		{8E1A1979-BE8F-47E5-8FE6-3BAC51222C8C}.Release|x64.ActiveCfg = Release|x64
		{8E1A1979-BE8F-47E5-8FE6-3BAC51222C8C}.Release|x64.Build.0 = Release|x64
		{901840C0-AB0B-400D-BF33-2528FB90E1F1}.Debug|x64.ActiveCfg = Debug|x64
		{901840C0-AB0B-400D-BF33-2528FB90E1F1}.Debug|x64.Build.0 = Debug|x64
		{901840C0-AB0B-400D-BF33-2528FB90E1F1}.Release|x64.ActiveCfg = Release|x64
		{901840C0-AB0B-400D-BF33-2528FB90E1F1}.Release|x64.Build.0 = Release|x64
		{79D08382-4AD1-45EB-8F42-9810D0525A91}.Debug|x64.ActiveCfg = Debug|x64
		{79D08382-4AD1-45EB-8F42-9810D0525A91}.Debug|x64.Build.0 = Debug|x64
		{79D08382-4AD1-45EB-8F42-9810D0525A91}.Release|x64.ActiveCfg = Release|x64
		{79D08382-4AD1-45EB-8F42-9810D0525A91}.Release|x64.Build.0 = Release|x64
		{908B471E-425A-4FA1-A147-7082D35A8040}.Debug|x64.ActiveCfg = Debug|x64
		{908B471E-425A-4FA1-A147-7082D35A8040}.Debug|x64.Build.0 = Debug|x64
		{908B471E-425A-4FA1-A147-7082D35A8040}.Release|x64.ActiveCfg = Release|x64
		{908B471E-425A-4FA1-A147-7082D35A8040}.Release|x64.Build.0 = Release|x64
		{315F4960-0236-4BEF-9699-FFCFC9F21BB5}.Debug|x64.ActiveCfg = Debug|x64
		{315F4960-0236-4BEF-9699-FFCFC9F21BB5}.Debug|x64.Build.0 = Debug|x64
		{315F4960-0236-4BEF-9699-FFCFC9F21BB5}.Release|x64.ActiveCfg = Release|x64
		{315F4960-0236-4BEF-9699-FFCFC9F21BB5}.Release|x64.Build.0 = Release|x64
		{EB887966-F5AB-42FF-995B-8EBC2E3EFA61}.Debug|x64.ActiveCfg = Debug|x64
		{EB887966-F5AB-42FF-995B-8EBC2E3EFA61}.Debug|x64.Build.0 = Debug|x64
		{EB887966-F5AB-42FF-995B-8EBC2E3EFA61}.Release|x64.ActiveCfg = Release|x64
		{EB887966-F5AB-42FF-995B-8EBC2E3EFA61}.Release|x64.Build.0 = Release|x64
		{6C6FA25B-847A-4C9E-BB11-63401BDC0FBB}.Debug|x64.ActiveCfg = Debug|x64
		{6C6FA25B-847A-4C9E-BB11-63401BDC0FBB}.Debug|x64.Build.0 = Debug|x64
		{6C6FA25B-847A-4C9E-BB11-63401BDC0FBB}.Release|x64.ActiveCfg = Release|x64
		{6C6FA25B-847A-4C9E-BB11-63401BDC0FBB}.Release|x64.Build.0 = Release|x64
	EndGlobalSection
	GlobalSection(SolutionProperties) = preSolution
		HideSolutionNode = FALSE
	EndGlobalSection
	GlobalSection(ExtensibilityGlobals) = postSolution
		SolutionGuid = {FB857EA5-0CCD-47BD-8475-9F7B8E767A76}
	EndGlobalSection
EndGlobal
